<?xml version="1.0" encoding="utf-8"?>
<Project ToolsVersion="4.0" xmlns="http://schemas.microsoft.com/developer/msbuild/2003">
  <ItemGroup>
    <Filter Include="win32">
      <UniqueIdentifier>{84a8ebd7-7cf0-47f6-b75e-d441df67da40}</UniqueIdentifier>
    </Filter>
    <Filter Include="resource">
      <UniqueIdentifier>{715254bc-d70b-4ec5-bf29-467dd3ace079}</UniqueIdentifier>
    </Filter>
    <Filter Include="src">
      <UniqueIdentifier>{bb6c862e-70e9-49d9-81b7-3829a6f50471}</UniqueIdentifier>
    </Filter>
    <Filter Include="src\EffectSprite">
      <UniqueIdentifier>{0436ddc0-b278-45b1-ac00-24a8dfff4662}</UniqueIdentifier>
    </Filter>
  </ItemGroup>
  <ItemGroup>
    <ClCompile Include="main.cpp">
      <Filter>win32</Filter>
    </ClCompile>
    <ClCompile Include="..\Classes\AppDelegate.cpp">
      <Filter>src</Filter>
    </ClCompile>
    <ClCompile Include="..\Classes\HelloWorldScene.cpp">
      <Filter>src</Filter>
    </ClCompile>
    <ClCompile Include="..\Classes\EffectSprite\Effect.cpp">
      <Filter>src\EffectSprite</Filter>
    </ClCompile>
    <ClCompile Include="..\Classes\EffectSprite\EffectSprite.cpp">
      <Filter>src\EffectSprite</Filter>
    </ClCompile>
    <ClCompile Include="..\Classes\EffectSprite\LightEffect.cpp">
      <Filter>src\EffectSprite</Filter>
    </ClCompile>
    <ClCompile Include="..\Classes\SpriteAnimation.cpp">
      <Filter>src</Filter>
    </ClCompile>
    <ClCompile Include="..\Classes\Block.cpp">
      <Filter>src</Filter>
    </ClCompile>
    <ClCompile Include="..\Classes\Player.cpp">
      <Filter>src</Filter>
    </ClCompile>
    <ClCompile Include="..\Classes\ExplosionEffect.cpp">
      <Filter>src</Filter>
    </ClCompile>
    <ClCompile Include="..\Classes\DustEffect.cpp">
      <Filter>src</Filter>
    </ClCompile>
    <ClCompile Include="..\Classes\IntroLayer.cpp">
      <Filter>src</Filter>
    </ClCompile>
  </ItemGroup>
  <ItemGroup>
    <ClInclude Include="main.h">
      <Filter>win32</Filter>
    </ClInclude>
    <ClInclude Include="..\Classes\AppDelegate.h">
      <Filter>src</Filter>
    </ClInclude>
    <ClInclude Include="..\Classes\HelloWorldScene.h">
      <Filter>src</Filter>
    </ClInclude>
    <ClInclude Include="..\Classes\EffectSprite\Effect.h">
      <Filter>src\EffectSprite</Filter>
    </ClInclude>
    <ClInclude Include="..\Classes\EffectSprite\EffectSprite.h">
      <Filter>src\EffectSprite</Filter>
    </ClInclude>
    <ClInclude Include="..\Classes\EffectSprite\LightEffect.h">
      <Filter>src\EffectSprite</Filter>
    </ClInclude>
    <ClInclude Include="..\Classes\SpriteAnimation.h">
      <Filter>src</Filter>
    </ClInclude>
    <ClInclude Include="..\Classes\Block.h">
      <Filter>src</Filter>
    </ClInclude>
    <ClInclude Include="..\Classes\Player.h">
      <Filter>src</Filter>
    </ClInclude>
    <ClInclude Include="..\Classes\ExplosionEffect.h">
      <Filter>src</Filter>
    </ClInclude>
    <ClInclude Include="..\Classes\DustEffect.h">
      <Filter>src</Filter>
    </ClInclude>
    <ClInclude Include="..\Classes\IntroLayer.h">
      <Filter>src</Filter>
    </ClInclude>
  </ItemGroup>
  <ItemGroup>
    <ResourceCompile Include="game.rc">
      <Filter>resource</Filter>
    </ResourceCompile>
  </ItemGroup>
</Project>